// !$*UTF8*$!
{
	archiveVersion = 1;
	classes = {
	};
	objectVersion = 77;
	objects = {

/* Begin PBXBuildFile section */
		426255EFB875BCE9328221E1 /* PhotosUI.framework in Frameworks */ = {isa = PBXBuildFile; fileRef = 9034A5BE1516B0E23325C25A /* PhotosUI.framework */; };
		6B740ED24E1DF0D6516F1684 /* ExportPreset.swift in Sources */ = {isa = PBXBuildFile; fileRef = 44713883EFA9A49425AFEFDF /* ExportPreset.swift */; };
		A2B97CAA5A88F65AB3CD42BC /* ImageProcessor.swift in Sources */ = {isa = PBXBuildFile; fileRef = 279FA21610D3277B00823DAA /* ImageProcessor.swift */; };
		A6541C434BC5E3ACC6ABA070 /* PicStripShareExtension.appex in Embed App Extensions */ = {isa = PBXBuildFile; fileRef = A0DDB6F255FBB703400C69C3 /* PicStripShareExtension.appex */; settings = {ATTRIBUTES = (RemoveHeadersOnCopy, ); }; };
		AC5497DA1F98A34F0FF7A47C /* Foundation.framework in Frameworks */ = {isa = PBXBuildFile; fileRef = 4E135E1B159D979239456E9F /* Foundation.framework */; };
		C46ED0583BAA9E5C0457C69A /* ShareViewController.swift in Sources */ = {isa = PBXBuildFile; fileRef = 236B3FFCD20408D51F7AE2C8 /* ShareViewController.swift */; };
		DC72DAD41244DA41A8058E94 /* Photos.framework in Frameworks */ = {isa = PBXBuildFile; fileRef = 8DFB22CCF819AC347B4E633F /* Photos.framework */; };
		E7BA6DC40737014742CBA7DD /* PrivacyInfo.xcprivacy in Resources */ = {isa = PBXBuildFile; fileRef = D779E28A613915656383E7F6 /* PrivacyInfo.xcprivacy */; };
/* End PBXBuildFile section */

/* Begin PBXContainerItemProxy section */
		2C0D1E252FA686B80032DDDA /* PBXContainerItemProxy */ = {
			isa = PBXContainerItemProxy;
			containerPortal = 2C0D1E0F2FA686B60032DDDA /* Project object */;
			proxyType = 1;
			remoteGlobalIDString = 2C0D1E162FA686B60032DDDA;
			remoteInfo = PicStrip;
		};
		2C0D1E2F2FA686B80032DDDA /* PBXContainerItemProxy */ = {
			isa = PBXContainerItemProxy;
			containerPortal = 2C0D1E0F2FA686B60032DDDA /* Project object */;
			proxyType = 1;
			remoteGlobalIDString = 2C0D1E162FA686B60032DDDA;
			remoteInfo = PicStrip;
		};
		7F88E12920BBCC28B4DA18DA /* PBXContainerItemProxy */ = {
			isa = PBXContainerItemProxy;
			containerPortal = 2C0D1E0F2FA686B60032DDDA /* Project object */;
			proxyType = 1;
			remoteGlobalIDString = 2E929DD1036BB9AC3C815EB3;
			remoteInfo = PicStripShareExtension;
		};
/* End PBXContainerItemProxy section */

/* Begin PBXCopyFilesBuildPhase section */
		BA5C2993E98D84B396A95A74 /* Embed App Extensions */ = {
			isa = PBXCopyFilesBuildPhase;
			buildActionMask = 2147483647;
			dstPath = "";
			dstSubfolderSpec = 13;
			files = (
				A6541C434BC5E3ACC6ABA070 /* PicStripShareExtension.appex in Embed App Extensions */,
			);
			name = "Embed App Extensions";
			runOnlyForDeploymentPostprocessing = 0;
		};
/* End PBXCopyFilesBuildPhase section */

/* Begin PBXFileReference section */
		236B3FFCD20408D51F7AE2C8 /* ShareViewController.swift */ = {isa = PBXFileReference; includeInIndex = 1; lastKnownFileType = sourcecode.swift; path = ShareViewController.swift; sourceTree = "<group>"; };
		279FA21610D3277B00823DAA /* ImageProcessor.swift */ = {isa = PBXFileReference; includeInIndex = 1; lastKnownFileType = sourcecode.swift; path = ImageProcessor.swift; sourceTree = "<group>"; };
		2C0D1E172FA686B60032DDDA /* PicStrip.app */ = {isa = PBXFileReference; explicitFileType = wrapper.application; includeInIndex = 0; path = PicStrip.app; sourceTree = BUILT_PRODUCTS_DIR; };
		2C0D1E242FA686B80032DDDA /* PicStripTests.xctest */ = {isa = PBXFileReference; explicitFileType = wrapper.cfbundle; includeInIndex = 0; path = PicStripTests.xctest; sourceTree = BUILT_PRODUCTS_DIR; };
		2C0D1E2E2FA686B80032DDDA /* PicStripUITests.xctest */ = {isa = PBXFileReference; explicitFileType = wrapper.cfbundle; includeInIndex = 0; path = PicStripUITests.xctest; sourceTree = BUILT_PRODUCTS_DIR; };
		2C0D20162FA6E97A0032DDDA /* PicStripShareExtension.entitlements */ = {isa = PBXFileReference; lastKnownFileType = text.plist.entitlements; path = PicStripShareExtension.entitlements; sourceTree = "<group>"; };
		44713883EFA9A49425AFEFDF /* ExportPreset.swift */ = {isa = PBXFileReference; includeInIndex = 1; lastKnownFileType = sourcecode.swift; path = ExportPreset.swift; sourceTree = "<group>"; };
		4E135E1B159D979239456E9F /* Foundation.framework */ = {isa = PBXFileReference; lastKnownFileType = wrapper.framework; name = Foundation.framework; path = Platforms/iPhoneOS.platform/Developer/SDKs/iPhoneOS18.0.sdk/System/Library/Frameworks/Foundation.framework; sourceTree = DEVELOPER_DIR; };
		8DFB22CCF819AC347B4E633F /* Photos.framework */ = {isa = PBXFileReference; lastKnownFileType = wrapper.framework; name = Photos.framework; path = "$(SDKROOT)/System/Library/Frameworks/Photos.framework"; sourceTree = "<group>"; };
		9034A5BE1516B0E23325C25A /* PhotosUI.framework */ = {isa = PBXFileReference; lastKnownFileType = wrapper.framework; name = PhotosUI.framework; path = "$(SDKROOT)/System/Library/Frameworks/PhotosUI.framework"; sourceTree = "<group>"; };
		A0DDB6F255FBB703400C69C3 /* PicStripShareExtension.appex */ = {isa = PBXFileReference; explicitFileType = "wrapper.app-extension"; includeInIndex = 0; path = PicStripShareExtension.appex; sourceTree = BUILT_PRODUCTS_DIR; };
		D779E28A613915656383E7F6 /* PrivacyInfo.xcprivacy */ = {isa = PBXFileReference; includeInIndex = 1; lastKnownFileType = text.xml; path = PrivacyInfo.xcprivacy; sourceTree = "<group>"; };
		E0B898439C4F2D32F734067A /* Info.plist */ = {isa = PBXFileReference; includeInIndex = 1; lastKnownFileType = text.plist.xml; path = Info.plist; sourceTree = "<group>"; };
/* End PBXFileReference section */

/* Begin PBXFileSystemSynchronizedBuildFileExceptionSet section */
		2C0D1F862FA6C45B0032DDDA /* Exceptions for "PicStrip" folder in "PicStripTests" target */ = {
			isa = PBXFileSystemSynchronizedBuildFileExceptionSet;
			membershipExceptions = (
				"draft-icon.png",
			);
			target = 2C0D1E232FA686B80032DDDA /* PicStripTests */;
		};
		2C0D1F872FA6C45B0032DDDA /* Exceptions for "PicStrip" folder in "PicStripUITests" target */ = {
			isa = PBXFileSystemSynchronizedBuildFileExceptionSet;
			membershipExceptions = (
				"draft-icon.png",
			);
			target = 2C0D1E2D2FA686B80032DDDA /* PicStripUITests */;
		};
		2C0D1F882FA6C45B0032DDDA /* Exceptions for "PicStrip" folder in "PicStripShareExtension" target */ = {
			isa = PBXFileSystemSynchronizedBuildFileExceptionSet;
			membershipExceptions = (
				"draft-icon.png",
			);
			target = 2E929DD1036BB9AC3C815EB3 /* PicStripShareExtension */;
		};
/* End PBXFileSystemSynchronizedBuildFileExceptionSet section */

/* Begin PBXFileSystemSynchronizedRootGroup section */
		2C0D1E192FA686B60032DDDA /* PicStrip */ = {
			isa = PBXFileSystemSynchronizedRootGroup;
			exceptions = (
				2C0D1F862FA6C45B0032DDDA /* Exceptions for "PicStrip" folder in "PicStripTests" target */,
				2C0D1F872FA6C45B0032DDDA /* Exceptions for "PicStrip" folder in "PicStripUITests" target */,
				2C0D1F882FA6C45B0032DDDA /* Exceptions for "PicStrip" folder in "PicStripShareExtension" target */,
			);
			path = PicStrip;
			sourceTree = "<group>";
		};
		2C0D1E272FA686B80032DDDA /* PicStripTests */ = {
			isa = PBXFileSystemSynchronizedRootGroup;
			path = PicStripTests;
			sourceTree = "<group>";
		};
		2C0D1E312FA686B80032DDDA /* PicStripUITests */ = {
			isa = PBXFileSystemSynchronizedRootGroup;
			path = PicStripUITests;
			sourceTree = "<group>";
		};
/* End PBXFileSystemSynchronizedRootGroup section */

/* Begin PBXFrameworksBuildPhase section */
		2C0D1E142FA686B60032DDDA /* Frameworks */ = {
			isa = PBXFrameworksBuildPhase;
			buildActionMask = 2147483647;
			files = (
			);
			runOnlyForDeploymentPostprocessing = 0;
		};
		2C0D1E212FA686B80032DDDA /* Frameworks */ = {
			isa = PBXFrameworksBuildPhase;
			buildActionMask = 2147483647;
			files = (
			);
			runOnlyForDeploymentPostprocessing = 0;
		};
		2C0D1E2B2FA686B80032DDDA /* Frameworks */ = {
			isa = PBXFrameworksBuildPhase;
			buildActionMask = 2147483647;
			files = (
			);
			runOnlyForDeploymentPostprocessing = 0;
		};
		807416576A1D18FBEF9D22EE /* Frameworks */ = {
			isa = PBXFrameworksBuildPhase;
			buildActionMask = 2147483647;
			files = (
				AC5497DA1F98A34F0FF7A47C /* Foundation.framework in Frameworks */,
				DC72DAD41244DA41A8058E94 /* Photos.framework in Frameworks */,
				426255EFB875BCE9328221E1 /* PhotosUI.framework in Frameworks */,
			);
			runOnlyForDeploymentPostprocessing = 0;
		};
/* End PBXFrameworksBuildPhase section */

/* Begin PBXGroup section */
		1C5394BF318B2E4E12A4F86B /* Frameworks */ = {
			isa = PBXGroup;
			children = (
				6DE13DA752DA8AF65A8DD910 /* iOS */,
				8DFB22CCF819AC347B4E633F /* Photos.framework */,
				9034A5BE1516B0E23325C25A /* PhotosUI.framework */,
			);
			name = Frameworks;
			sourceTree = "<group>";
		};
		2C0D1E0E2FA686B60032DDDA = {
			isa = PBXGroup;
			children = (
				2C0D1E192FA686B60032DDDA /* PicStrip */,
				2C0D1E272FA686B80032DDDA /* PicStripTests */,
				2C0D1E312FA686B80032DDDA /* PicStripUITests */,
				2C0D1E182FA686B60032DDDA /* Products */,
				1C5394BF318B2E4E12A4F86B /* Frameworks */,
				8AC45FF1AD9A77DC0C1B8B5E /* PicStripShareExtension */,
			);
			sourceTree = "<group>";
		};
		2C0D1E182FA686B60032DDDA /* Products */ = {
			isa = PBXGroup;
			children = (
				2C0D1E172FA686B60032DDDA /* PicStrip.app */,
				2C0D1E242FA686B80032DDDA /* PicStripTests.xctest */,
				2C0D1E2E2FA686B80032DDDA /* PicStripUITests.xctest */,
				A0DDB6F255FBB703400C69C3 /* PicStripShareExtension.appex */,
			);
			name = Products;
			sourceTree = "<group>";
		};
		6DE13DA752DA8AF65A8DD910 /* iOS */ = {
			isa = PBXGroup;
			children = (
				4E135E1B159D979239456E9F /* Foundation.framework */,
			);
			name = iOS;
			sourceTree = "<group>";
		};
		8AC45FF1AD9A77DC0C1B8B5E /* PicStripShareExtension */ = {
			isa = PBXGroup;
			children = (
				2C0D20162FA6E97A0032DDDA /* PicStripShareExtension.entitlements */,
				236B3FFCD20408D51F7AE2C8 /* ShareViewController.swift */,
				E0B898439C4F2D32F734067A /* Info.plist */,
				279FA21610D3277B00823DAA /* ImageProcessor.swift */,
				44713883EFA9A49425AFEFDF /* ExportPreset.swift */,
				D779E28A613915656383E7F6 /* PrivacyInfo.xcprivacy */,
			);
			path = PicStripShareExtension;
			sourceTree = "<group>";
		};
/* End PBXGroup section */

/* Begin PBXNativeTarget section */
		2C0D1E162FA686B60032DDDA /* PicStrip */ = {
			isa = PBXNativeTarget;
			buildConfigurationList = 2C0D1E382FA686B80032DDDA /* Build configuration list for PBXNativeTarget "PicStrip" */;
			buildPhases = (
				2C0D1E132FA686B60032DDDA /* Sources */,
				2C0D1E142FA686B60032DDDA /* Frameworks */,
				2C0D1E152FA686B60032DDDA /* Resources */,
				BA5C2993E98D84B396A95A74 /* Embed App Extensions */,
			);
			buildRules = (
			);
			dependencies = (
				165D6157BCF4A14D8B4C0963 /* PBXTargetDependency */,
			);
			fileSystemSynchronizedGroups = (
				2C0D1E192FA686B60032DDDA /* PicStrip */,
			);
			name = PicStrip;
			productName = PicStrip;
			productReference = 2C0D1E172FA686B60032DDDA /* PicStrip.app */;
			productType = "com.apple.product-type.application";
		};
		2C0D1E232FA686B80032DDDA /* PicStripTests */ = {
			isa = PBXNativeTarget;
			buildConfigurationList = 2C0D1E3B2FA686B80032DDDA /* Build configuration list for PBXNativeTarget "PicStripTests" */;
			buildPhases = (
				2C0D1E202FA686B80032DDDA /* Sources */,
				2C0D1E212FA686B80032DDDA /* Frameworks */,
				2C0D1E222FA686B80032DDDA /* Resources */,
			);
			buildRules = (
			);
			dependencies = (
				2C0D1E262FA686B80032DDDA /* PBXTargetDependency */,
			);
			fileSystemSynchronizedGroups = (
				2C0D1E272FA686B80032DDDA /* PicStripTests */,
			);
			name = PicStripTests;
			productName = PicStripTests;
			productReference = 2C0D1E242FA686B80032DDDA /* PicStripTests.xctest */;
			productType = "com.apple.product-type.bundle.unit-test";
		};
		2C0D1E2D2FA686B80032DDDA /* PicStripUITests */ = {
			isa = PBXNativeTarget;
			buildConfigurationList = 2C0D1E3E2FA686B80032DDDA /* Build configuration list for PBXNativeTarget "PicStripUITests" */;
			buildPhases = (
				2C0D1E2A2FA686B80032DDDA /* Sources */,
				2C0D1E2B2FA686B80032DDDA /* Frameworks */,
				2C0D1E2C2FA686B80032DDDA /* Resources */,
			);
			buildRules = (
			);
			dependencies = (
				2C0D1E302FA686B80032DDDA /* PBXTargetDependency */,
			);
			fileSystemSynchronizedGroups = (
				2C0D1E312FA686B80032DDDA /* PicStripUITests */,
			);
			name = PicStripUITests;
			productName = PicStripUITests;
			productReference = 2C0D1E2E2FA686B80032DDDA /* PicStripUITests.xctest */;
			productType = "com.apple.product-type.bundle.ui-testing";
		};
		2E929DD1036BB9AC3C815EB3 /* PicStripShareExtension */ = {
			isa = PBXNativeTarget;
			buildConfigurationList = 4091C55CCA615BFA7652DAFF /* Build configuration list for PBXNativeTarget "PicStripShareExtension" */;
			buildPhases = (
				7D1DED12E16519E9FEBBF62C /* Sources */,
				807416576A1D18FBEF9D22EE /* Frameworks */,
				51D74E3517A24F6E45C87573 /* Resources */,
			);
			buildRules = (
			);
			dependencies = (
			);
			name = PicStripShareExtension;
			productName = PicStripShareExtension;
			productReference = A0DDB6F255FBB703400C69C3 /* PicStripShareExtension.appex */;
			productType = "com.apple.product-type.app-extension";
		};
/* End PBXNativeTarget section */

/* Begin PBXProject section */
		2C0D1E0F2FA686B60032DDDA /* Project object */ = {
			isa = PBXProject;
			attributes = {
				BuildIndependentTargetsInParallel = 1;
				LastSwiftUpdateCheck = 2640;
				LastUpgradeCheck = 2640;
				TargetAttributes = {
					2C0D1E162FA686B60032DDDA = {
						CreatedOnToolsVersion = 26.4.1;
					};
					2C0D1E232FA686B80032DDDA = {
						CreatedOnToolsVersion = 26.4.1;
						TestTargetID = 2C0D1E162FA686B60032DDDA;
					};
					2C0D1E2D2FA686B80032DDDA = {
						CreatedOnToolsVersion = 26.4.1;
						TestTargetID = 2C0D1E162FA686B60032DDDA;
					};
				};
			};
			buildConfigurationList = 2C0D1E122FA686B60032DDDA /* Build configuration list for PBXProject "PicStrip" */;
			developmentRegion = en;
			hasScannedForEncodings = 0;
			knownRegions = (
				en,
				Base,
			);
			mainGroup = 2C0D1E0E2FA686B60032DDDA;
			minimizedProjectReferenceProxies = 1;
			preferredProjectObjectVersion = 77;
			productRefGroup = 2C0D1E182FA686B60032DDDA /* Products */;
			projectDirPath = "";
			projectRoot = "";
			targets = (
				2C0D1E162FA686B60032DDDA /* PicStrip */,
				2C0D1E232FA686B80032DDDA /* PicStripTests */,
				2C0D1E2D2FA686B80032DDDA /* PicStripUITests */,
				2E929DD1036BB9AC3C815EB3 /* PicStripShareExtension */,
			);
		};
/* End PBXProject section */

/* Begin PBXResourcesBuildPhase section */
		2C0D1E152FA686B60032DDDA /* Resources */ = {
			isa = PBXResourcesBuildPhase;
			buildActionMask = 2147483647;
			files = (
			);
			runOnlyForDeploymentPostprocessing = 0;
		};
		2C0D1E222FA686B80032DDDA /* Resources */ = {
			isa = PBXResourcesBuildPhase;
			buildActionMask = 2147483647;
			files = (
			);
			runOnlyForDeploymentPostprocessing = 0;
		};
		2C0D1E2C2FA686B80032DDDA /* Resources */ = {
			isa = PBXResourcesBuildPhase;
			buildActionMask = 2147483647;
			files = (
			);
			runOnlyForDeploymentPostprocessing = 0;
		};
		51D74E3517A24F6E45C87573 /* Resources */ = {
			isa = PBXResourcesBuildPhase;
			buildActionMask = 2147483647;
			files = (
				E7BA6DC40737014742CBA7DD /* PrivacyInfo.xcprivacy in Resources */,
			);
			runOnlyForDeploymentPostprocessing = 0;
		};
/* End PBXResourcesBuildPhase section */

/* Begin PBXSourcesBuildPhase section */
		2C0D1E132FA686B60032DDDA /* Sources */ = {
			isa = PBXSourcesBuildPhase;
			buildActionMask = 2147483647;
			files = (
			);
			runOnlyForDeploymentPostprocessing = 0;
		};
		2C0D1E202FA686B80032DDDA /* Sources */ = {
			isa = PBXSourcesBuildPhase;
			buildActionMask = 2147483647;
			files = (
			);
			runOnlyForDeploymentPostprocessing = 0;
		};
		2C0D1E2A2FA686B80032DDDA /* Sources */ = {
			isa = PBXSourcesBuildPhase;
			buildActionMask = 2147483647;
			files = (
			);
			runOnlyForDeploymentPostprocessing = 0;
		};
		7D1DED12E16519E9FEBBF62C /* Sources */ = {
			isa = PBXSourcesBuildPhase;
			buildActionMask = 2147483647;
			files = (
				C46ED0583BAA9E5C0457C69A /* ShareViewController.swift in Sources */,
				A2B97CAA5A88F65AB3CD42BC /* ImageProcessor.swift in Sources */,
				6B740ED24E1DF0D6516F1684 /* ExportPreset.swift in Sources */,
			);
			runOnlyForDeploymentPostprocessing = 0;
		};
/* End PBXSourcesBuildPhase section */

/* Begin PBXTargetDependency section */
		165D6157BCF4A14D8B4C0963 /* PBXTargetDependency */ = {
			isa = PBXTargetDependency;
			target = 2E929DD1036BB9AC3C815EB3 /* PicStripShareExtension */;
			targetProxy = 7F88E12920BBCC28B4DA18DA /* PBXContainerItemProxy */;
		};
		2C0D1E262FA686B80032DDDA /* PBXTargetDependency */ = {
			isa = PBXTargetDependency;
			target = 2C0D1E162FA686B60032DDDA /* PicStrip */;
			targetProxy = 2C0D1E252FA686B80032DDDA /* PBXContainerItemProxy */;
		};
		2C0D1E302FA686B80032DDDA /* PBXTargetDependency */ = {
			isa = PBXTargetDependency;
			target = 2C0D1E162FA686B60032DDDA /* PicStrip */;
			targetProxy = 2C0D1E2F2FA686B80032DDDA /* PBXContainerItemProxy */;
		};
/* End PBXTargetDependency section */

/* Begin XCBuildConfiguration section */
		23CC403EC12FF420C97B9BB1 /* Release */ = {
			isa = XCBuildConfiguration;
			buildSettings = {
				CLANG_ENABLE_OBJC_WEAK = NO;
				CODE_SIGN_ENTITLEMENTS = PicStripShareExtension/PicStripShareExtension.entitlements;
				CODE_SIGN_STYLE = Automatic;
				CURRENT_PROJECT_VERSION = 1;
				DEVELOPMENT_TEAM = BDQ47H73HH;
				GENERATE_INFOPLIST_FILE = NO;
				INFOPLIST_FILE = PicStripShareExtension/Info.plist;
				IPHONEOS_DEPLOYMENT_TARGET = 17.0;
				MARKETING_VERSION = 1.0;
				PRODUCT_BUNDLE_IDENTIFIER = com.northcutt.PicStrip.ShareExtension;
				PRODUCT_NAME = "$(TARGET_NAME)";
				SDKROOT = iphoneos;
				SKIP_INSTALL = YES;
				SWIFT_VERSION = 5.9;
				TARGETED_DEVICE_FAMILY = "1,2";
				VALIDATE_PRODUCT = YES;
			};
			name = Release;
		};
		2C0D1E362FA686B80032DDDA /* Debug */ = {
			isa = XCBuildConfiguration;
			buildSettings = {
				ALWAYS_SEARCH_USER_PATHS = NO;
				ASSETCATALOG_COMPILER_GENERATE_SWIFT_ASSET_SYMBOL_EXTENSIONS = YES;
				CLANG_ANALYZER_NONNULL = YES;
				CLANG_ANALYZER_NUMBER_OBJECT_CONVERSION = YES_AGGRESSIVE;
				CLANG_CXX_LANGUAGE_STANDARD = "gnu++20";
				CLANG_ENABLE_MODULES = YES;
				CLANG_ENABLE_OBJC_ARC = YES;
				CLANG_ENABLE_OBJC_WEAK = YES;
				CLANG_WARN_BLOCK_CAPTURE_AUTORELEASING = YES;
				CLANG_WARN_BOOL_CONVERSION = YES;
				CLANG_WARN_COMMA = YES;
				CLANG_WARN_CONSTANT_CONVERSION = YES;
				CLANG_WARN_DEPRECATED_OBJC_IMPLEMENTATIONS = YES;
				CLANG_WARN_DIRECT_OBJC_ISA_USAGE = YES_ERROR;
				CLANG_WARN_DOCUMENTATION_COMMENTS = YES;
				CLANG_WARN_EMPTY_BODY = YES;
				CLANG_WARN_ENUM_CONVERSION = YES;
				CLANG_WARN_INFINITE_RECURSION = YES;
				CLANG_WARN_INT_CONVERSION = YES;
				CLANG_WARN_NON_LITERAL_NULL_CONVERSION = YES;
				CLANG_WARN_OBJC_IMPLICIT_RETAIN_SELF = YES;
				CLANG_WARN_OBJC_LITERAL_CONVERSION = YES;
				CLANG_WARN_OBJC_ROOT_CLASS = YES_ERROR;
				CLANG_WARN_QUOTED_INCLUDE_IN_FRAMEWORK_HEADER = YES;
				CLANG_WARN_RANGE_LOOP_ANALYSIS = YES;
				CLANG_WARN_STRICT_PROTOTYPES = YES;
				CLANG_WARN_SUSPICIOUS_MOVE = YES;
				CLANG_WARN_UNGUARDED_AVAILABILITY = YES_AGGRESSIVE;
				CLANG_WARN_UNREACHABLE_CODE = YES;
				CLANG_WARN__DUPLICATE_METHOD_MATCH = YES;
				COPY_PHASE_STRIP = NO;
				DEBUG_INFORMATION_FORMAT = dwarf;
				DEVELOPMENT_TEAM = BDQ47H73HH;
				ENABLE_STRICT_OBJC_MSGSEND = YES;
				ENABLE_TESTABILITY = YES;
				ENABLE_USER_SCRIPT_SANDBOXING = YES;
				GCC_C_LANGUAGE_STANDARD = gnu17;
				GCC_DYNAMIC_NO_PIC = NO;
				GCC_NO_COMMON_BLOCKS = YES;
				GCC_OPTIMIZATION_LEVEL = 0;
				GCC_PREPROCESSOR_DEFINITIONS = (
					"DEBUG=1",
					"$(inherited)",
				);
				GCC_WARN_64_TO_32_BIT_CONVERSION = YES;
				GCC_WARN_ABOUT_RETURN_TYPE = YES_ERROR;
				GCC_WARN_UNDECLARED_SELECTOR = YES;
				GCC_WARN_UNINITIALIZED_AUTOS = YES_AGGRESSIVE;
				GCC_WARN_UNUSED_FUNCTION = YES;
				GCC_WARN_UNUSED_VARIABLE = YES;
				IPHONEOS_DEPLOYMENT_TARGET = 17.0;
				LOCALIZATION_PREFERS_STRING_CATALOGS = YES;
				MTL_ENABLE_DEBUG_INFO = INCLUDE_SOURCE;
				MTL_FAST_MATH = YES;
				ONLY_ACTIVE_ARCH = YES;
				SDKROOT = iphoneos;
				SWIFT_ACTIVE_COMPILATION_CONDITIONS = "DEBUG $(inherited)";
				SWIFT_OPTIMIZATION_LEVEL = "-Onone";
			};
			name = Debug;
		};
		2C0D1E372FA686B80032DDDA /* Release */ = {
			isa = XCBuildConfiguration;
			buildSettings = {
				ALWAYS_SEARCH_USER_PATHS = NO;
				ASSETCATALOG_COMPILER_GENERATE_SWIFT_ASSET_SYMBOL_EXTENSIONS = YES;
				CLANG_ANALYZER_NONNULL = YES;
				CLANG_ANALYZER_NUMBER_OBJECT_CONVERSION = YES_AGGRESSIVE;
				CLANG_CXX_LANGUAGE_STANDARD = "gnu++20";
				CLANG_ENABLE_MODULES = YES;
				CLANG_ENABLE_OBJC_ARC = YES;
				CLANG_ENABLE_OBJC_WEAK = YES;
				CLANG_WARN_BLOCK_CAPTURE_AUTORELEASING = YES;
				CLANG_WARN_BOOL_CONVERSION = YES;
				CLANG_WARN_COMMA = YES;
				CLANG_WARN_CONSTANT_CONVERSION = YES;
				CLANG_WARN_DEPRECATED_OBJC_IMPLEMENTATIONS = YES;
				CLANG_WARN_DIRECT_OBJC_ISA_USAGE = YES_ERROR;
				CLANG_WARN_DOCUMENTATION_COMMENTS = YES;
				CLANG_WARN_EMPTY_BODY = YES;
				CLANG_WARN_ENUM_CONVERSION = YES;
				CLANG_WARN_INFINITE_RECURSION = YES;
				CLANG_WARN_INT_CONVERSION = YES;
				CLANG_WARN_NON_LITERAL_NULL_CONVERSION = YES;
				CLANG_WARN_OBJC_IMPLICIT_RETAIN_SELF = YES;
				CLANG_WARN_OBJC_LITERAL_CONVERSION = YES;
				CLANG_WARN_OBJC_ROOT_CLASS = YES_ERROR;
				CLANG_WARN_QUOTED_INCLUDE_IN_FRAMEWORK_HEADER = YES;
				CLANG_WARN_RANGE_LOOP_ANALYSIS = YES;
				CLANG_WARN_STRICT_PROTOTYPES = YES;
				CLANG_WARN_SUSPICIOUS_MOVE = YES;
				CLANG_WARN_UNGUARDED_AVAILABILITY = YES_AGGRESSIVE;
				CLANG_WARN_UNREACHABLE_CODE = YES;
				CLANG_WARN__DUPLICATE_METHOD_MATCH = YES;
				COPY_PHASE_STRIP = NO;
				DEBUG_INFORMATION_FORMAT = "dwarf-with-dsym";
				DEVELOPMENT_TEAM = BDQ47H73HH;
				ENABLE_NS_ASSERTIONS = NO;
				ENABLE_STRICT_OBJC_MSGSEND = YES;
				ENABLE_USER_SCRIPT_SANDBOXING = YES;
				GCC_C_LANGUAGE_STANDARD = gnu17;
				GCC_NO_COMMON_BLOCKS = YES;
				GCC_WARN_64_TO_32_BIT_CONVERSION = YES;
				GCC_WARN_ABOUT_RETURN_TYPE = YES_ERROR;
				GCC_WARN_UNDECLARED_SELECTOR = YES;
				GCC_WARN_UNINITIALIZED_AUTOS = YES_AGGRESSIVE;
				GCC_WARN_UNUSED_FUNCTION = YES;
				GCC_WARN_UNUSED_VARIABLE = YES;
				IPHONEOS_DEPLOYMENT_TARGET = 17.0;
				LOCALIZATION_PREFERS_STRING_CATALOGS = YES;
				MTL_ENABLE_DEBUG_INFO = NO;
				MTL_FAST_MATH = YES;
				SDKROOT = iphoneos;
				SWIFT_COMPILATION_MODE = wholemodule;
				VALIDATE_PRODUCT = YES;
			};
			name = Release;
		};
		2C0D1E392FA686B80032DDDA /* Debug */ = {
			isa = XCBuildConfiguration;
			buildSettings = {
				ASSETCATALOG_COMPILER_APPICON_NAME = AppIcon;
				ASSETCATALOG_COMPILER_GLOBAL_ACCENT_COLOR_NAME = AccentColor;
				CODE_SIGN_ENTITLEMENTS = PicStrip/PicStrip.entitlements;
				CODE_SIGN_STYLE = Automatic;
				CURRENT_PROJECT_VERSION = 1;
				DEVELOPMENT_TEAM = BDQ47H73HH;
				ENABLE_PREVIEWS = YES;
				GENERATE_INFOPLIST_FILE = YES;
				INFOPLIST_KEY_NSPhotoLibraryAddUsageDescription = "PicStrip saves the scrubbed image to your photo library.";
				INFOPLIST_KEY_NSPhotoLibraryUsageDescription = "PicStrip needs access to your photo library to replace the original image when requested.";
				INFOPLIST_KEY_UIApplicationSceneManifest_Generation = YES;
				INFOPLIST_KEY_UIApplicationSupportsIndirectInputEvents = YES;
				INFOPLIST_KEY_UILaunchScreen_Generation = YES;
				INFOPLIST_KEY_UISupportedInterfaceOrientations_iPad = "UIInterfaceOrientationPortrait UIInterfaceOrientationPortraitUpsideDown UIInterfaceOrientationLandscapeLeft UIInterfaceOrientationLandscapeRight";
				INFOPLIST_KEY_UISupportedInterfaceOrientations_iPhone = "UIInterfaceOrientationPortrait UIInterfaceOrientationLandscapeLeft UIInterfaceOrientationLandscapeRight";
				IPHONEOS_DEPLOYMENT_TARGET = 17.0;
				LD_RUNPATH_SEARCH_PATHS = (
					"$(inherited)",
					"@executable_path/Frameworks",
				);
				MARKETING_VERSION = 1.0;
				PRODUCT_BUNDLE_IDENTIFIER = com.northcutt.PicStrip;
				PRODUCT_NAME = "$(TARGET_NAME)";
				STRING_CATALOG_GENERATE_SYMBOLS = YES;
				SWIFT_APPROACHABLE_CONCURRENCY = YES;
				SWIFT_DEFAULT_ACTOR_ISOLATION = MainActor;
				SWIFT_EMIT_LOC_STRINGS = YES;
				SWIFT_UPCOMING_FEATURE_MEMBER_IMPORT_VISIBILITY = YES;
				SWIFT_VERSION = 5.9;
				TARGETED_DEVICE_FAMILY = "1,2";
			};
			name = Debug;
		};
		2C0D1E3A2FA686B80032DDDA /* Release */ = {
			isa = XCBuildConfiguration;
			buildSettings = {
				ASSETCATALOG_COMPILER_APPICON_NAME = AppIcon;
				ASSETCATALOG_COMPILER_GLOBAL_ACCENT_COLOR_NAME = AccentColor;
				CODE_SIGN_ENTITLEMENTS = PicStrip/PicStrip.entitlements;
				CODE_SIGN_STYLE = Automatic;
				CURRENT_PROJECT_VERSION = 1;
				DEVELOPMENT_TEAM = BDQ47H73HH;
				ENABLE_PREVIEWS = YES;
				GENERATE_INFOPLIST_FILE = YES;
				INFOPLIST_KEY_NSPhotoLibraryAddUsageDescription = "PicStrip saves the scrubbed image to your photo library.";
				INFOPLIST_KEY_NSPhotoLibraryUsageDescription = "PicStrip needs access to your photo library to replace the original image when requested.";
				INFOPLIST_KEY_UIApplicationSceneManifest_Generation = YES;
				INFOPLIST_KEY_UIApplicationSupportsIndirectInputEvents = YES;
				INFOPLIST_KEY_UILaunchScreen_Generation = YES;
				INFOPLIST_KEY_UISupportedInterfaceOrientations_iPad = "UIInterfaceOrientationPortrait UIInterfaceOrientationPortraitUpsideDown UIInterfaceOrientationLandscapeLeft UIInterfaceOrientationLandscapeRight";
				INFOPLIST_KEY_UISupportedInterfaceOrientations_iPhone = "UIInterfaceOrientationPortrait UIInterfaceOrientationLandscapeLeft UIInterfaceOrientationLandscapeRight";
				IPHONEOS_DEPLOYMENT_TARGET = 17.0;
				LD_RUNPATH_SEARCH_PATHS = (
					"$(inherited)",
					"@executable_path/Frameworks",
				);
				MARKETING_VERSION = 1.0;
				PRODUCT_BUNDLE_IDENTIFIER = com.northcutt.PicStrip;
				PRODUCT_NAME = "$(TARGET_NAME)";
				STRING_CATALOG_GENERATE_SYMBOLS = YES;
				SWIFT_APPROACHABLE_CONCURRENCY = YES;
				SWIFT_DEFAULT_ACTOR_ISOLATION = MainActor;
				SWIFT_EMIT_LOC_STRINGS = YES;
				SWIFT_UPCOMING_FEATURE_MEMBER_IMPORT_VISIBILITY = YES;
				SWIFT_VERSION = 5.9;
				TARGETED_DEVICE_FAMILY = "1,2";
			};
			name = Release;
		};
		2C0D1E3C2FA686B80032DDDA /* Debug */ = {
			isa = XCBuildConfiguration;
			buildSettings = {
				BUNDLE_LOADER = "$(TEST_HOST)";
				CODE_SIGN_STYLE = Automatic;
				CURRENT_PROJECT_VERSION = 1;
				DEVELOPMENT_TEAM = BDQ47H73HH;
				GENERATE_INFOPLIST_FILE = YES;
				IPHONEOS_DEPLOYMENT_TARGET = 17.0;
				MARKETING_VERSION = 1.0;
				PRODUCT_BUNDLE_IDENTIFIER = com.northcutt.PicStripTests;
				PRODUCT_NAME = "$(TARGET_NAME)";
				STRING_CATALOG_GENERATE_SYMBOLS = NO;
				SWIFT_APPROACHABLE_CONCURRENCY = YES;
				SWIFT_EMIT_LOC_STRINGS = NO;
				SWIFT_UPCOMING_FEATURE_MEMBER_IMPORT_VISIBILITY = YES;
				SWIFT_VERSION = 5.9;
				TARGETED_DEVICE_FAMILY = "1,2";
				TEST_HOST = "$(BUILT_PRODUCTS_DIR)/PicStrip.app/$(BUNDLE_EXECUTABLE_FOLDER_PATH)/PicStrip";
			};
			name = Debug;
		};
		2C0D1E3D2FA686B80032DDDA /* Release */ = {
			isa = XCBuildConfiguration;
			buildSettings = {
				BUNDLE_LOADER = "$(TEST_HOST)";
				CODE_SIGN_STYLE = Automatic;
				CURRENT_PROJECT_VERSION = 1;
				DEVELOPMENT_TEAM = BDQ47H73HH;
				GENERATE_INFOPLIST_FILE = YES;
				IPHONEOS_DEPLOYMENT_TARGET = 17.0;
				MARKETING_VERSION = 1.0;
				PRODUCT_BUNDLE_IDENTIFIER = com.northcutt.PicStripTests;
				PRODUCT_NAME = "$(TARGET_NAME)";
				STRING_CATALOG_GENERATE_SYMBOLS = NO;
				SWIFT_APPROACHABLE_CONCURRENCY = YES;
				SWIFT_EMIT_LOC_STRINGS = NO;
				SWIFT_UPCOMING_FEATURE_MEMBER_IMPORT_VISIBILITY = YES;
				SWIFT_VERSION = 5.9;
				TARGETED_DEVICE_FAMILY = "1,2";
				TEST_HOST = "$(BUILT_PRODUCTS_DIR)/PicStrip.app/$(BUNDLE_EXECUTABLE_FOLDER_PATH)/PicStrip";
			};
			name = Release;
		};
		2C0D1E3F2FA686B80032DDDA /* Debug */ = {
			isa = XCBuildConfiguration;
			buildSettings = {
				CODE_SIGN_STYLE = Automatic;
				CURRENT_PROJECT_VERSION = 1;
				DEVELOPMENT_TEAM = BDQ47H73HH;
				GENERATE_INFOPLIST_FILE = YES;
				IPHONEOS_DEPLOYMENT_TARGET = 17.0;
				MARKETING_VERSION = 1.0;
				PRODUCT_BUNDLE_IDENTIFIER = com.northcutt.PicStripUITests;
				PRODUCT_NAME = "$(TARGET_NAME)";
				STRING_CATALOG_GENERATE_SYMBOLS = NO;
				SWIFT_APPROACHABLE_CONCURRENCY = YES;
				SWIFT_EMIT_LOC_STRINGS = NO;
				SWIFT_UPCOMING_FEATURE_MEMBER_IMPORT_VISIBILITY = YES;
				SWIFT_VERSION = 5.9;
				TARGETED_DEVICE_FAMILY = "1,2";
				TEST_TARGET_NAME = PicStrip;
			};
			name = Debug;
		};
		2C0D1E402FA686B80032DDDA /* Release */ = {
			isa = XCBuildConfiguration;
			buildSettings = {
				CODE_SIGN_STYLE = Automatic;
				CURRENT_PROJECT_VERSION = 1;
				DEVELOPMENT_TEAM = BDQ47H73HH;
				GENERATE_INFOPLIST_FILE = YES;
				IPHONEOS_DEPLOYMENT_TARGET = 17.0;
				MARKETING_VERSION = 1.0;
				PRODUCT_BUNDLE_IDENTIFIER = com.northcutt.PicStripUITests;
				PRODUCT_NAME = "$(TARGET_NAME)";
				STRING_CATALOG_GENERATE_SYMBOLS = NO;
				SWIFT_APPROACHABLE_CONCURRENCY = YES;
				SWIFT_EMIT_LOC_STRINGS = NO;
				SWIFT_UPCOMING_FEATURE_MEMBER_IMPORT_VISIBILITY = YES;
				SWIFT_VERSION = 5.9;
				TARGETED_DEVICE_FAMILY = "1,2";
				TEST_TARGET_NAME = PicStrip;
			};
			name = Release;
		};
		8248D41B29ED86C025390848 /* Debug */ = {
			isa = XCBuildConfiguration;
			buildSettings = {
				CLANG_ENABLE_OBJC_WEAK = NO;
				CODE_SIGN_ENTITLEMENTS = PicStripShareExtension/PicStripShareExtension.entitlements;
				CODE_SIGN_STYLE = Automatic;
				CURRENT_PROJECT_VERSION = 1;
				DEVELOPMENT_TEAM = BDQ47H73HH;
				GENERATE_INFOPLIST_FILE = NO;
				INFOPLIST_FILE = PicStripShareExtension/Info.plist;
				IPHONEOS_DEPLOYMENT_TARGET = 17.0;
				MARKETING_VERSION = 1.0;
				PRODUCT_BUNDLE_IDENTIFIER = com.northcutt.PicStrip.ShareExtension;
				PRODUCT_NAME = "$(TARGET_NAME)";
				SDKROOT = iphoneos;
				SKIP_INSTALL = YES;
				SWIFT_VERSION = 5.9;
				TARGETED_DEVICE_FAMILY = "1,2";
			};
			name = Debug;
		};
/* End XCBuildConfiguration section */

/* Begin XCConfigurationList section */
		2C0D1E122FA686B60032DDDA /* Build configuration list for PBXProject "PicStrip" */ = {
			isa = XCConfigurationList;
			buildConfigurations = (
				2C0D1E362FA686B80032DDDA /* Debug */,
				2C0D1E372FA686B80032DDDA /* Release */,
			);
			defaultConfigurationIsVisible = 0;
			defaultConfigurationName = Release;
		};
		2C0D1E382FA686B80032DDDA /* Build configuration list for PBXNativeTarget "PicStrip" */ = {
			isa = XCConfigurationList;
			buildConfigurations = (
				2C0D1E392FA686B80032DDDA /* Debug */,
				2C0D1E3A2FA686B80032DDDA /* Release */,
			);
			defaultConfigurationIsVisible = 0;
			defaultConfigurationName = Release;
		};
		2C0D1E3B2FA686B80032DDDA /* Build configuration list for PBXNativeTarget "PicStripTests" */ = {
			isa = XCConfigurationList;
			buildConfigurations = (
				2C0D1E3C2FA686B80032DDDA /* Debug */,
				2C0D1E3D2FA686B80032DDDA /* Release */,
			);
			defaultConfigurationIsVisible = 0;
			defaultConfigurationName = Release;
		};
		2C0D1E3E2FA686B80032DDDA /* Build configuration list for PBXNativeTarget "PicStripUITests" */ = {
			isa = XCConfigurationList;
			buildConfigurations = (
				2C0D1E3F2FA686B80032DDDA /* Debug */,
				2C0D1E402FA686B80032DDDA /* Release */,
			);
			defaultConfigurationIsVisible = 0;
			defaultConfigurationName = Release;
		};
		4091C55CCA615BFA7652DAFF /* Build configuration list for PBXNativeTarget "PicStripShareExtension" */ = {
			isa = XCConfigurationList;
			buildConfigurations = (
				23CC403EC12FF420C97B9BB1 /* Release */,
				8248D41B29ED86C025390848 /* Debug */,
			);
			defaultConfigurationIsVisible = 0;
			defaultConfigurationName = Release;
		};
/* End XCConfigurationList section */
	};
	rootObject = 2C0D1E0F2FA686B60032DDDA /* Project object */;
}
